
Microsoft Visual Studio Solution File, Format Version 12.00
# Visual Studio Version 16
VisualStudioVersion = 16.0.809.8
MinimumVisualStudioVersion = 10.0.40219.1
Project("{FAE04EC0-301F-11D3-BF4B-00C04F79EFBC}") = "Coding-Test", "Coding-Test\Coding-Test.csproj", "{7406079F-1FC1-4FD3-AC8F-7811E1537131}"
EndProject
Global
	GlobalSection(SolutionConfigurationPlatforms) = preSolution
		Debug|Any CPU = Debug|Any CPU
		Release|Any CPU = Release|Any CPU
	EndGlobalSection
	GlobalSection(ProjectConfigurationPlatforms) = postSolution
		{7406079F-1FC1-4FD3-AC8F-7811E1537131}.Debug|Any CPU.ActiveCfg = Debug|Any CPU
		{7406079F-1FC1-4FD3-AC8F-7811E1537131}.Debug|Any CPU.Build.0 = Debug|Any CPU
		{7406079F-1FC1-4FD3-AC8F-7811E1537131}.Release|Any CPU.ActiveCfg = Release|Any CPU
		{7406079F-1FC1-4FD3-AC8F-7811E1537131}.Release|Any CPU.Build.0 = Release|Any CPU
	EndGlobalSection
	GlobalSection(SolutionProperties) = preSolution
		HideSolutionNode = FALSE
	EndGlobalSection
	GlobalSection(ExtensibilityGlobals) = postSolution
		SolutionGuid = {EB221230-BF66-45B4-AF6F-EEC7945F1A61}
	EndGlobalSection
EndGlobal
